// !$*UTF8*$!
{
	archiveVersion = 1;
	classes = {
	};
	objectVersion = 46;
	objects = {

/* Begin PBXBuildFile section */
		BE5D77A22022EB26005F7845 /* AppDelegate.swift in Sources */ = {isa = PBXBuildFile; fileRef = BE5D77A12022EB26005F7845 /* AppDelegate.swift */; };
		BE5D77A42022EB26005F7845 /* ViewController.swift in Sources */ = {isa = PBXBuildFile; fileRef = BE5D77A32022EB26005F7845 /* ViewController.swift */; };
		BE5D77A72022EB26005F7845 /* Main.storyboard in Resources */ = {isa = PBXBuildFile; fileRef = BE5D77A52022EB26005F7845 /* Main.storyboard */; };
		BE5D77A92022EB26005F7845 /* Assets.xcassets in Resources */ = {isa = PBXBuildFile; fileRef = BE5D77A82022EB26005F7845 /* Assets.xcassets */; };
		BE5D77AC2022EB26005F7845 /* LaunchScreen.storyboard in Resources */ = {isa = PBXBuildFile; fileRef = BE5D77AA2022EB26005F7845 /* LaunchScreen.storyboard */; };
/* End PBXBuildFile section */

/* Begin PBXFileReference section */
		BE5D779E2022EB26005F7845 /* revolution2018.app */ = {isa = PBXFileReference; explicitFileType = wrapper.application; includeInIndex = 0; path = revolution2018.app; sourceTree = BUILT_PRODUCTS_DIR; };
		BE5D77A12022EB26005F7845 /* AppDelegate.swift */ = {isa = PBXFileReference; lastKnownFileType = sourcecode.swift; path = AppDelegate.swift; sourceTree = "<group>"; };
		BE5D77A32022EB26005F7845 /* ViewController.swift */ = {isa = PBXFileReference; lastKnownFileType = sourcecode.swift; path = ViewController.swift; sourceTree = "<group>"; };
		BE5D77A62022EB26005F7845 /* Base */ = {isa = PBXFileReference; lastKnownFileType = file.storyboard; name = Base; path = Base.lproj/Main.storyboard; sourceTree = "<group>"; };
		BE5D77A82022EB26005F7845 /* Assets.xcassets */ = {isa = PBXFileReference; lastKnownFileType = folder.assetcatalog; path = Assets.xcassets; sourceTree = "<group>"; };
		BE5D77AB2022EB26005F7845 /* Base */ = {isa = PBXFileReference; lastKnownFileType = file.storyboard; name = Base; path = Base.lproj/LaunchScreen.storyboard; sourceTree = "<group>"; };
		BE5D77AD2022EB26005F7845 /* Info.plist */ = {isa = PBXFileReference; lastKnownFileType = text.plist.xml; path = Info.plist; sourceTree = "<group>"; };
/* End PBXFileReference section */

/* Begin PBXFrameworksBuildPhase section */
		BE5D779B2022EB26005F7845 /* Frameworks */ = {
			isa = PBXFrameworksBuildPhase;
			buildActionMask = 2147483647;
			files = (
			);
			runOnlyForDeploymentPostprocessing = 0;
		};
/* End PBXFrameworksBuildPhase section */

/* Begin PBXGroup section */
		BE5D77952022EB26005F7845 = {
			isa = PBXGroup;
			children = (
				BE5D77A02022EB26005F7845 /* revolution2018 */,
				BE5D779F2022EB26005F7845 /* Products */,
			);
			sourceTree = "<group>";
		};
		BE5D779F2022EB26005F7845 /* Products */ = {
			isa = PBXGroup;
			children = (
				BE5D779E2022EB26005F7845 /* revolution2018.app */,
			);
			name = Products;
			sourceTree = "<group>";
		};
		BE5D77A02022EB26005F7845 /* revolution2018 */ = {
			isa = PBXGroup;
			children = (
				BE5D77A12022EB26005F7845 /* AppDelegate.swift */,
				BE5D77A32022EB26005F7845 /* ViewController.swift */,
				BE5D77A52022EB26005F7845 /* Main.storyboard */,
				BE5D77A82022EB26005F7845 /* Assets.xcassets */,
				BE5D77AA2022EB26005F7845 /* LaunchScreen.storyboard */,
				BE5D77AD2022EB26005F7845 /* Info.plist */,
			);
			path = revolution2018;
			sourceTree = "<group>";
		};
/* End PBXGroup section */

/* Begin PBXNativeTarget section */
		BE5D779D2022EB26005F7845 /* revolution2018 */ = {
			isa = PBXNativeTarget;
			buildConfigurationList = BE5D77B02022EB26005F7845 /* Build configuration list for PBXNativeTarget "revolution2018" */;
			buildPhases = (
				BE5D779A2022EB26005F7845 /* Sources */,
				BE5D779B2022EB26005F7845 /* Frameworks */,
				BE5D779C2022EB26005F7845 /* Resources */,
			);
			buildRules = (
			);
			dependencies = (
			);
			name = revolution2018;
			productName = revolution2018;
			productReference = BE5D779E2022EB26005F7845 /* revolution2018.app */;
			productType = "com.apple.product-type.application";
		};
/* End PBXNativeTarget section */

/* Begin PBXProject section */
		BE5D77962022EB26005F7845 /* Project object */ = {
			isa = PBXProject;
			attributes = {
				LastSwiftUpdateCheck = 0830;
				LastUpgradeCheck = 0830;
				ORGANIZATIONNAME = Motifit;
				TargetAttributes = {
					BE5D779D2022EB26005F7845 = {
						CreatedOnToolsVersion = 8.3.3;
						DevelopmentTeam = T3Y7KWMCTU;
						ProvisioningStyle = Automatic;
					};
				};
			};
			buildConfigurationList = BE5D77992022EB26005F7845 /* Build configuration list for PBXProject "revolution2018" */;
			compatibilityVersion = "Xcode 3.2";
			developmentRegion = English;
			hasScannedForEncodings = 0;
			knownRegions = (
				en,
				Base,
			);
			mainGroup = BE5D77952022EB26005F7845;
			productRefGroup = BE5D779F2022EB26005F7845 /* Products */;
			projectDirPath = "";
			projectRoot = "";
			targets = (
				BE5D779D2022EB26005F7845 /* revolution2018 */,
			);
		};
/* End PBXProject section */

/* Begin PBXResourcesBuildPhase section */
		BE5D779C2022EB26005F7845 /* Resources */ = {
			isa = PBXResourcesBuildPhase;
			buildActionMask = 2147483647;
			files = (
				BE5D77AC2022EB26005F7845 /* LaunchScreen.storyboard in Resources */,
				BE5D77A92022EB26005F7845 /* Assets.xcassets in Resources */,
				BE5D77A72022EB26005F7845 /* Main.storyboard in Resources */,
			);
			runOnlyForDeploymentPostprocessing = 0;
		};
/* End PBXResourcesBuildPhase section */

/* Begin PBXSourcesBuildPhase section */
		BE5D779A2022EB26005F7845 /* Sources */ = {
			isa = PBXSourcesBuildPhase;
			buildActionMask = 2147483647;
			files = (
				BE5D77A42022EB26005F7845 /* ViewController.swift in Sources */,
				BE5D77A22022EB26005F7845 /* AppDelegate.swift in Sources */,
			);
			runOnlyForDeploymentPostprocessing = 0;
		};
/* End PBXSourcesBuildPhase section */

/* Begin PBXVariantGroup section */
		BE5D77A52022EB26005F7845 /* Main.storyboard */ = {
			isa = PBXVariantGroup;
			children = (
				BE5D77A62022EB26005F7845 /* Base */,
			);
			name = Main.storyboard;
			sourceTree = "<group>";
		};
		BE5D77AA2022EB26005F7845 /* LaunchScreen.storyboard */ = {
			isa = PBXVariantGroup;
			children = (
				BE5D77AB2022EB26005F7845 /* Base */,
			);
			name = LaunchScreen.storyboard;
			sourceTree = "<group>";
		};
/* End PBXVariantGroup section */

/* Begin XCBuildConfiguration section */
		BE5D77AE2022EB26005F7845 /* Debug */ = {
			isa = XCBuildConfiguration;
			buildSettings = {
				ALWAYS_SEARCH_USER_PATHS = NO;
				CLANG_ANALYZER_NONNULL = YES;
				CLANG_ANALYZER_NUMBER_OBJECT_CONVERSION = YES_AGGRESSIVE;
				CLANG_CXX_LANGUAGE_STANDARD = "gnu++0x";
				CLANG_CXX_LIBRARY = "libc++";
				CLANG_ENABLE_MODULES = YES;
				CLANG_ENABLE_OBJC_ARC = YES;
				CLANG_WARN_BOOL_CONVERSION = YES;
				CLANG_WARN_CONSTANT_CONVERSION = YES;
				CLANG_WARN_DIRECT_OBJC_ISA_USAGE = YES_ERROR;
				CLANG_WARN_DOCUMENTATION_COMMENTS = YES;
				CLANG_WARN_EMPTY_BODY = YES;
				CLANG_WARN_ENUM_CONVERSION = YES;
				CLANG_WARN_INFINITE_RECURSION = YES;
				CLANG_WARN_INT_CONVERSION = YES;
				CLANG_WARN_OBJC_ROOT_CLASS = YES_ERROR;
				CLANG_WARN_SUSPICIOUS_MOVE = YES;
				CLANG_WARN_UNREACHABLE_CODE = YES;
				CLANG_WARN__DUPLICATE_METHOD_MATCH = YES;
				"CODE_SIGN_IDENTITY[sdk=iphoneos*]" = "iPhone Developer";
				COPY_PHASE_STRIP = NO;
				DEBUG_INFORMATION_FORMAT = dwarf;
				ENABLE_STRICT_OBJC_MSGSEND = YES;
				ENABLE_TESTABILITY = YES;
				GCC_C_LANGUAGE_STANDARD = gnu99;
				GCC_DYNAMIC_NO_PIC = NO;
				GCC_NO_COMMON_BLOCKS = YES;
				GCC_OPTIMIZATION_LEVEL = 0;
				GCC_PREPROCESSOR_DEFINITIONS = (
					"DEBUG=1",
					"$(inherited)",
				);
				GCC_WARN_64_TO_32_BIT_CONVERSION = YES;
				GCC_WARN_ABOUT_RETURN_TYPE = YES_ERROR;
				GCC_WARN_UNDECLARED_SELECTOR = YES;
				GCC_WARN_UNINITIALIZED_AUTOS = YES_AGGRESSIVE;
				GCC_WARN_UNUSED_FUNCTION = YES;
				GCC_WARN_UNUSED_VARIABLE = YES;
				IPHONEOS_DEPLOYMENT_TARGET = 10.3;
				MTL_ENABLE_DEBUG_INFO = YES;
				ONLY_ACTIVE_ARCH = YES;
				SDKROOT = iphoneos;
				SWIFT_ACTIVE_COMPILATION_CONDITIONS = DEBUG;
				SWIFT_OPTIMIZATION_LEVEL = "-Onone";
				TARGETED_DEVICE_FAMILY = "1,2";
			};
			name = Debug;
		};
		BE5D77AF2022EB26005F7845 /* Release */ = {
			isa = XCBuildConfiguration;
			buildSettings = {
				ALWAYS_SEARCH_USER_PATHS = NO;
				CLANG_ANALYZER_NONNULL = YES;
				CLANG_ANALYZER_NUMBER_OBJECT_CONVERSION = YES_AGGRESSIVE;
				CLANG_CXX_LANGUAGE_STANDARD = "gnu++0x";
				CLANG_CXX_LIBRARY = "libc++";
				CLANG_ENABLE_MODULES = YES;
				CLANG_ENABLE_OBJC_ARC = YES;
				CLANG_WARN_BOOL_CONVERSION = YES;
				CLANG_WARN_CONSTANT_CONVERSION = YES;
				CLANG_WARN_DIRECT_OBJC_ISA_USAGE = YES_ERROR;
				CLANG_WARN_DOCUMENTATION_COMMENTS = YES;
				CLANG_WARN_EMPTY_BODY = YES;
				CLANG_WARN_ENUM_CONVERSION = YES;
				CLANG_WARN_INFINITE_RECURSION = YES;
				CLANG_WARN_INT_CONVERSION = YES;
				CLANG_WARN_OBJC_ROOT_CLASS = YES_ERROR;
				CLANG_WARN_SUSPICIOUS_MOVE = YES;
				CLANG_WARN_UNREACHABLE_CODE = YES;
				CLANG_WARN__DUPLICATE_METHOD_MATCH = YES;
				"CODE_SIGN_IDENTITY[sdk=iphoneos*]" = "iPhone Developer";
				COPY_PHASE_STRIP = NO;
				DEBUG_INFORMATION_FORMAT = "dwarf-with-dsym";
				ENABLE_NS_ASSERTIONS = NO;
				ENABLE_STRICT_OBJC_MSGSEND = YES;
				GCC_C_LANGUAGE_STANDARD = gnu99;
				GCC_NO_COMMON_BLOCKS = YES;
				GCC_WARN_64_TO_32_BIT_CONVERSION = YES;
				GCC_WARN_ABOUT_RETURN_TYPE = YES_ERROR;
				GCC_WARN_UNDECLARED_SELECTOR = YES;
				GCC_WARN_UNINITIALIZED_AUTOS = YES_AGGRESSIVE;
				GCC_WARN_UNUSED_FUNCTION = YES;
				GCC_WARN_UNUSED_VARIABLE = YES;
				IPHONEOS_DEPLOYMENT_TARGET = 10.3;
				MTL_ENABLE_DEBUG_INFO = NO;
				SDKROOT = iphoneos;
				SWIFT_OPTIMIZATION_LEVEL = "-Owholemodule";
				TARGETED_DEVICE_FAMILY = "1,2";
				VALIDATE_PRODUCT = YES;
			};
			name = Release;
		};
		BE5D77B12022EB26005F7845 /* Debug */ = {
			isa = XCBuildConfiguration;
			buildSettings = {
				ASSETCATALOG_COMPILER_APPICON_NAME = AppIcon;
				DEVELOPMENT_TEAM = T3Y7KWMCTU;
				INFOPLIST_FILE = revolution2018/Info.plist;
				LD_RUNPATH_SEARCH_PATHS = "$(inherited) @executable_path/Frameworks";
				PRODUCT_BUNDLE_IDENTIFIER = srusti.rawal.revolution2018;
				PRODUCT_NAME = "$(TARGET_NAME)";
				SWIFT_VERSION = 3.0;
			};
			name = Debug;
		};
		BE5D77B22022EB26005F7845 /* Release */ = {
			isa = XCBuildConfiguration;
			buildSettings = {
				ASSETCATALOG_COMPILER_APPICON_NAME = AppIcon;
				DEVELOPMENT_TEAM = T3Y7KWMCTU;
				INFOPLIST_FILE = revolution2018/Info.plist;
				LD_RUNPATH_SEARCH_PATHS = "$(inherited) @executable_path/Frameworks";
				PRODUCT_BUNDLE_IDENTIFIER = srusti.rawal.revolution2018;
				PRODUCT_NAME = "$(TARGET_NAME)";
				SWIFT_VERSION = 3.0;
			};
			name = Release;
		};
/* End XCBuildConfiguration section */

/* Begin XCConfigurationList section */
		BE5D77992022EB26005F7845 /* Build configuration list for PBXProject "revolution2018" */ = {
			isa = XCConfigurationList;
			buildConfigurations = (
				BE5D77AE2022EB26005F7845 /* Debug */,
				BE5D77AF2022EB26005F7845 /* Release */,
			);
			defaultConfigurationIsVisible = 0;
			defaultConfigurationName = Release;
		};
		BE5D77B02022EB26005F7845 /* Build configuration list for PBXNativeTarget "revolution2018" */ = {
			isa = XCConfigurationList;
			buildConfigurations = (
				BE5D77B12022EB26005F7845 /* Debug */,
				BE5D77B22022EB26005F7845 /* Release */,
			);
			defaultConfigurationIsVisible = 0;
		};
/* End XCConfigurationList section */
	};
	rootObject = BE5D77962022EB26005F7845 /* Project object */;
}
